
Microsoft Visual Studio Solution File, Format Version 12.00
# Visual Studio Version 17
VisualStudioVersion = 17.1.32228.430
MinimumVisualStudioVersion = 10.0.40219.1
Project("{8BC9CEB8-8B4A-11D0-8D11-00A0C91BC942}") = "ClientSecKey", "ClientSecKey\ClientSecKey.vcxproj", "{4661F67F-B82A-4BEE-94DC-962360BD9D2E}"
EndProject
Global
	GlobalSection(SolutionConfigurationPlatforms) = preSolution
		Debug|ARM = Debug|ARM
		Debug|ARM64 = Debug|ARM64
		Debug|x64 = Debug|x64
		Debug|x86 = Debug|x86
		Release|ARM = Release|ARM
		Release|ARM64 = Release|ARM64
		Release|x64 = Release|x64
		Release|x86 = Release|x86
	EndGlobalSection
	GlobalSection(ProjectConfigurationPlatforms) = postSolution
		{4661F67F-B82A-4BEE-94DC-962360BD9D2E}.Debug|ARM.ActiveCfg = Debug|ARM
		{4661F67F-B82A-4BEE-94DC-962360BD9D2E}.Debug|ARM.Build.0 = Debug|ARM
		{4661F67F-B82A-4BEE-94DC-962360BD9D2E}.Debug|ARM.Deploy.0 = Debug|ARM
		{4661F67F-B82A-4BEE-94DC-962360BD9D2E}.Debug|ARM64.ActiveCfg = Debug|ARM64
		{4661F67F-B82A-4BEE-94DC-962360BD9D2E}.Debug|ARM64.Build.0 = Debug|ARM64
		{4661F67F-B82A-4BEE-94DC-962360BD9D2E}.Debug|ARM64.Deploy.0 = Debug|ARM64
		{4661F67F-B82A-4BEE-94DC-962360BD9D2E}.Debug|x64.ActiveCfg = Debug|x64
		{4661F67F-B82A-4BEE-94DC-962360BD9D2E}.Debug|x64.Build.0 = Debug|x64
		{4661F67F-B82A-4BEE-94DC-962360BD9D2E}.Debug|x64.Deploy.0 = Debug|x64
		{4661F67F-B82A-4BEE-94DC-962360BD9D2E}.Debug|x86.ActiveCfg = Debug|x86
		{4661F67F-B82A-4BEE-94DC-962360BD9D2E}.Debug|x86.Build.0 = Debug|x86
		{4661F67F-B82A-4BEE-94DC-962360BD9D2E}.Debug|x86.Deploy.0 = Debug|x86
		{4661F67F-B82A-4BEE-94DC-962360BD9D2E}.Release|ARM.ActiveCfg = Release|ARM
		{4661F67F-B82A-4BEE-94DC-962360BD9D2E}.Release|ARM.Build.0 = Release|ARM
		{4661F67F-B82A-4BEE-94DC-962360BD9D2E}.Release|ARM.Deploy.0 = Release|ARM
		{4661F67F-B82A-4BEE-94DC-962360BD9D2E}.Release|ARM64.ActiveCfg = Release|ARM64
		{4661F67F-B82A-4BEE-94DC-962360BD9D2E}.Release|ARM64.Build.0 = Release|ARM64
		{4661F67F-B82A-4BEE-94DC-962360BD9D2E}.Release|ARM64.Deploy.0 = Release|ARM64
		{4661F67F-B82A-4BEE-94DC-962360BD9D2E}.Release|x64.ActiveCfg = Release|x64
		{4661F67F-B82A-4BEE-94DC-962360BD9D2E}.Release|x64.Build.0 = Release|x64
		{4661F67F-B82A-4BEE-94DC-962360BD9D2E}.Release|x64.Deploy.0 = Release|x64
		{4661F67F-B82A-4BEE-94DC-962360BD9D2E}.Release|x86.ActiveCfg = Release|x86
		{4661F67F-B82A-4BEE-94DC-962360BD9D2E}.Release|x86.Build.0 = Release|x86
		{4661F67F-B82A-4BEE-94DC-962360BD9D2E}.Release|x86.Deploy.0 = Release|x86
	EndGlobalSection
	GlobalSection(SolutionProperties) = preSolution
		HideSolutionNode = FALSE
	EndGlobalSection
	GlobalSection(ExtensibilityGlobals) = postSolution
		SolutionGuid = {EF953772-E0BA-480A-8954-BDB0D305994F}
	EndGlobalSection
EndGlobal
